<?xml version="1.0" encoding="utf-8"?>
<Project ToolsVersion="4.0" xmlns="http://schemas.microsoft.com/developer/msbuild/2003">
  <ItemGroup>
    <Filter Include="core">
      <UniqueIdentifier>{756d3671-bdbe-4fab-8d42-fc2e06399d14}</UniqueIdentifier>
    </Filter>
    <Filter Include="ui">
      <UniqueIdentifier>{5d8993d5-dd6d-4449-a1d5-eadc50579c87}</UniqueIdentifier>
    </Filter>
    <Filter Include="resources">
      <UniqueIdentifier>{d4c60aa7-0326-4fd1-ac10-e4c6b68c8d7d}</UniqueIdentifier>
    </Filter>
    <Filter Include="price">
      <UniqueIdentifier>{713378ee-7045-48f5-8784-c5de03793308}</UniqueIdentifier>
    </Filter>
    <Filter Include="platform">
      <UniqueIdentifier>{35f1b7df-2440-4b09-98ec-c4701dcf3b68}</UniqueIdentifier>
    </Filter>
    <Filter Include="platform\windows">
      <UniqueIdentifier>{cf81a006-b427-4d96-906d-90592f66b24c}</UniqueIdentifier>
    </Filter>
    <Filter Include="ocr">
      <UniqueIdentifier>{4618206b-69d6-4160-a4af-0ac1aa124480}</UniqueIdentifier>
    </Filter>
    <Filter Include="third-party">
      <UniqueIdentifier>{b416a2b0-df01-47ed-a56f-34be77877f77}</UniqueIdentifier>
    </Filter>
  </ItemGroup>
  <ItemGroup>
    <ClCompile Include="RuneHelper.cpp" />
    <ClCompile Include="ui\Overlay.cpp">
      <Filter>ui</Filter>
    </ClCompile>
    <ClCompile Include="ui\UIManager.cpp">
      <Filter>ui</Filter>
    </ClCompile>
    <ClCompile Include="ui\UIDraw.cpp">
      <Filter>ui</Filter>
    </ClCompile>
    <ClCompile Include="price\PriceCache.cpp">
      <Filter>price</Filter>
    </ClCompile>
    <ClCompile Include="platform\windows\RegionSelect.cpp">
      <Filter>platform\windows</Filter>
    </ClCompile>
    <ClCompile Include="platform\windows\ResourceHelper.cpp">
      <Filter>platform\windows</Filter>
    </ClCompile>
    <ClCompile Include="platform\windows\ScreenCapture.cpp">
      <Filter>platform\windows</Filter>
    </ClCompile>
    <ClCompile Include="platform\windows\PlatformPaths.cpp">
      <Filter>platform\windows</Filter>
    </ClCompile>
    <ClCompile Include="platform\windows\UIBackend.cpp">
      <Filter>platform\windows</Filter>
    </ClCompile>
    <ClCompile Include="ocr\LootParser.cpp">
      <Filter>ocr</Filter>
    </ClCompile>
    <ClCompile Include="ocr\NameNormalizer.cpp">
      <Filter>ocr</Filter>
    </ClCompile>
    <ClCompile Include="ocr\OCR.cpp">
      <Filter>ocr</Filter>
    </ClCompile>
    <ClCompile Include="core\ConfigManager.cpp">
      <Filter>core</Filter>
    </ClCompile>
    <ClCompile Include="core\Helpers.cpp">
      <Filter>core</Filter>
    </ClCompile>
    <ClCompile Include="core\Logger.cpp">
      <Filter>core</Filter>
    </ClCompile>
    <ClCompile Include="core\UpdateChecker.cpp">
      <Filter>core</Filter>
    </ClCompile>
    <ClCompile Include="core\RuneHelperApp.cpp">
      <Filter>core</Filter>
    </ClCompile>
    <ClCompile Include="platform\windows\ScreenCaptureDXGI.cpp">
      <Filter>platform\windows</Filter>
    </ClCompile>
  </ItemGroup>
  <ItemGroup>
    <ClInclude Include="nlohmann\json.hpp">
      <Filter>third-party</Filter>
    </ClInclude>
    <ClInclude Include="ui\Overlay.h">
      <Filter>ui</Filter>
    </ClInclude>
    <ClInclude Include="resources\resource.h">
      <Filter>resources</Filter>
    </ClInclude>
    <ClInclude Include="price\PriceCache.h">
      <Filter>price</Filter>
    </ClInclude>
    <ClInclude Include="platform\windows\RegionSelect.h">
      <Filter>platform\windows</Filter>
    </ClInclude>
    <ClInclude Include="platform\windows\ResourceHelper.h">
      <Filter>platform\windows</Filter>
    </ClInclude>
    <ClInclude Include="platform\windows\ScreenCapture.h">
      <Filter>platform\windows</Filter>
    </ClInclude>
    <ClInclude Include="platform\PlatformPaths.h">
      <Filter>platform</Filter>
    </ClInclude>
    <ClInclude Include="platform\UIBackend.h">
      <Filter>platform</Filter>
    </ClInclude>
    <ClInclude Include="ocr\LootParser.h">
      <Filter>ocr</Filter>
    </ClInclude>
    <ClInclude Include="ocr\NameNormalizer.h">
      <Filter>ocr</Filter>
    </ClInclude>
    <ClInclude Include="ocr\OCR.h">
      <Filter>ocr</Filter>
    </ClInclude>
    <ClInclude Include="core\Config.h">
      <Filter>core</Filter>
    </ClInclude>
    <ClInclude Include="core\ConfigManager.h">
      <Filter>core</Filter>
    </ClInclude>
    <ClInclude Include="core\Helpers.h">
      <Filter>core</Filter>
    </ClInclude>
    <ClInclude Include="core\Logger.h">
      <Filter>core</Filter>
    </ClInclude>
    <ClInclude Include="core\UpdateChecker.h">
      <Filter>core</Filter>
    </ClInclude>
    <ClInclude Include="core\Version.h">
      <Filter>core</Filter>
    </ClInclude>
    <ClInclude Include="core\RuneHelperApp.h">
      <Filter>core</Filter>
    </ClInclude>
    <ClInclude Include="ui\UIManager.h">
      <Filter>ui</Filter>
    </ClInclude>
    <ClInclude Include="ui\UIDraw.h">
      <Filter>ui</Filter>
    </ClInclude>
    <ClInclude Include="ui\UIState.h">
      <Filter>ui</Filter>
    </ClInclude>
    <ClInclude Include="core\DebugData.h">
      <Filter>core</Filter>
    </ClInclude>
    <ClInclude Include="platform\windows\ScreenCaptureDXGI.h">
      <Filter>platform\windows</Filter>
    </ClInclude>
  </ItemGroup>
  <ItemGroup>
    <None Include="resources\eng.traineddata_fast">
      <Filter>resources</Filter>
    </None>
  </ItemGroup>
  <ItemGroup>
    <Image Include="resources\runehelper.ico">
      <Filter>resources</Filter>
    </Image>
  </ItemGroup>
  <ItemGroup>
    <ResourceCompile Include="resources\RuneHelper.rc">
      <Filter>resources</Filter>
    </ResourceCompile>
  </ItemGroup>
</Project>
